<?xml version="1.0" encoding="utf-8"?>
<Project ToolsVersion="4.0" xmlns="http://schemas.microsoft.com/developer/msbuild/2003">
  <ItemGroup>
    <Filter Include="Source Files">
      <UniqueIdentifier>{b8d722f3-06b9-4f8c-af5a-d0a9ae825647}</UniqueIdentifier>
      <Extensions>cpp;c;cxx;def;odl;idl;hpj;bat;asm</Extensions>
    </Filter>
    <Filter Include="Header Files">
      <UniqueIdentifier>{20475013-76c2-4025-ae31-c0a88c2f087d}</UniqueIdentifier>
      <Extensions>h;hpp;hxx;hm;inl;inc</Extensions>
    </Filter>
  </ItemGroup>
  <ItemGroup>
    <ClCompile Include="rocket_path.cpp">
      <Filter>Source Files</Filter>
    </ClCompile>
    <ClCompile Include="fixptpath.cpp">
      <Filter>Source Files</Filter>
    </ClCompile>
    <ClCompile Include="onedpath.cpp">
      <Filter>Source Files</Filter>
    </ClCompile>
  </ItemGroup>
  <ItemGroup>
    <ClInclude Include="libs\vec\vec.h">
      <Filter>Header Files</Filter>
    </ClInclude>
    <ClInclude Include="problem.h">
      <Filter>Header Files</Filter>
    </ClInclude>
    <ClInclude Include="fixptpath.h">
      <Filter>Header Files</Filter>
    </ClInclude>
    <ClInclude Include="draw.h">
      <Filter>Header Files</Filter>
    </ClInclude>
    <ClInclude Include="onedpath.h">
      <Filter>Header Files</Filter>
    </ClInclude>
  </ItemGroup>
</Project>